<?xml version="1.0" encoding="utf-8"?>
<Project ToolsVersion="4.0" xmlns="http://schemas.microsoft.com/developer/msbuild/2003">
  <ItemGroup>
    <ClInclude Include="MeshObject.h" />
    <ClInclude Include="CounterTop.h">
      <Filter>Contents\Object\StaticMesh</Filter>
    </ClInclude>
    <ClInclude Include="Enums.h">
      <Filter>Data</Filter>
    </ClInclude>
    <ClInclude Include="Stage_1_4.h">
      <Filter>Level\Stage</Filter>
    </ClInclude>
    <ClInclude Include="Stage_1_1.h">
      <Filter>Level\Stage</Filter>
    </ClInclude>
    <ClInclude Include="Stage_1_2.h">
      <Filter>Level\Stage</Filter>
    </ClInclude>
    <ClInclude Include="Stage_1_3.h">
      <Filter>Level\Stage</Filter>
    </ClInclude>
    <ClInclude Include="Player.h">
      <Filter>Contents\Player</Filter>
    </ClInclude>
    <ClInclude Include="PreCompile.h">
      <Filter>PreCompile</Filter>
    </ClInclude>
    <ClInclude Include="LevelActor.h">
      <Filter>Map</Filter>
    </ClInclude>
    <ClInclude Include="Rail.h">
      <Filter>Contents\Object\StaticMesh</Filter>
    </ClInclude>
    <ClInclude Include="FoodBox.h">
      <Filter>Contents\Object\StaticMesh</Filter>
    </ClInclude>
    <ClInclude Include="Sink.h">
      <Filter>Contents\Object\StaticMesh</Filter>
    </ClInclude>
    <ClInclude Include="TrashCan.h">
      <Filter>Contents\Object\StaticMesh</Filter>
    </ClInclude>
    <ClInclude Include="Food_Ingredients_Fish.h">
      <Filter>Contents\Object\Food</Filter>
    </ClInclude>
    <ClInclude Include="Tool_CuttingBoard.h">
      <Filter>Contents\Object\Tool</Filter>
    </ClInclude>
    <ClInclude Include="MouseInputWindow.h">
      <Filter>GUI</Filter>
    </ClInclude>
    <ClInclude Include="MeshSelectWindow.h">
      <Filter>GUI</Filter>
    </ClInclude>
    <ClInclude Include="MapEditorWindow.h">
      <Filter>GUI</Filter>
    </ClInclude>
    <ClInclude Include="MeshEditorGUI.h">
      <Filter>GUI</Filter>
    </ClInclude>
    <ClInclude Include="SelectStageLevel.h">
      <Filter>Level</Filter>
    </ClInclude>
    <ClInclude Include="Overcooked.h">
      <Filter>Core</Filter>
    </ClInclude>
    <ClInclude Include="MeshToolLevel.h">
      <Filter>Level</Filter>
    </ClInclude>
    <ClInclude Include="GamePlayLevel.h">
      <Filter>Level\Stage</Filter>
    </ClInclude>
    <ClInclude Include="GlobalMouseInput.h">
      <Filter>Global</Filter>
    </ClInclude>
    <ClInclude Include="GamePlayMapObject.h">
      <Filter>Map</Filter>
    </ClInclude>
    <ClInclude Include="GamePlayMoveable.h">
      <Filter>Contents\Template\Stuff\Moveable</Filter>
    </ClInclude>
    <ClInclude Include="GamePlayFood.h">
      <Filter>Contents\Template\Stuff\Moveable</Filter>
    </ClInclude>
    <ClInclude Include="GamePlayEquipment.h">
      <Filter>Contents\Template\Stuff\Moveable</Filter>
    </ClInclude>
    <ClInclude Include="GamePlayTool.h">
      <Filter>Contents\Template\Stuff\Tool</Filter>
    </ClInclude>
    <ClInclude Include="GamePlayStaticObject.h">
      <Filter>Contents\Template</Filter>
    </ClInclude>
    <ClInclude Include="MapToolLevel.h">
      <Filter>Level</Filter>
    </ClInclude>
    <ClInclude Include="GamePlayObject.h">
      <Filter>Contents\Template</Filter>
    </ClInclude>
    <ClInclude Include="GamePlayStuff.h">
      <Filter>Contents\Template\Stuff</Filter>
    </ClInclude>
    <ClInclude Include="Food_Ingredients_Prawn.h">
      <Filter>Contents\Object\Food</Filter>
    </ClInclude>
    <ClInclude Include="OverCookedUIRenderer.h">
      <Filter>UI</Filter>
    </ClInclude>
    <ClInclude Include="UIActor.h">
      <Filter>UI</Filter>
    </ClInclude>
    <ClInclude Include="Servicehatch.h">
      <Filter>Contents\Object\StaticMesh</Filter>
    </ClInclude>
    <ClInclude Include="UIDebugGUI.h">
      <Filter>GUI</Filter>
    </ClInclude>
    <ClInclude Include="MapEditorGUI.h">
      <Filter>GUI</Filter>
    </ClInclude>
    <ClInclude Include="MapDataParser.h">
      <Filter>Map</Filter>
    </ClInclude>
    <ClInclude Include="GamePlayOriginObject.h">
      <Filter>Map</Filter>
    </ClInclude>
    <ClInclude Include="GamePlayFloor.h">
      <Filter>Map</Filter>
    </ClInclude>
    <ClInclude Include="Equipment_Plate.h">
      <Filter>Contents\Object\Tool</Filter>
    </ClInclude>
    <ClInclude Include="Equipment_Pot.h">
      <Filter>Contents\Object\Tool</Filter>
    </ClInclude>
    <ClInclude Include="Equipment_FireExtinguisher.h">
      <Filter>Contents\Object\Tool</Filter>
    </ClInclude>
    <ClInclude Include="Equipment_FryingPan.h">
      <Filter>Contents\Object\Tool</Filter>
    </ClInclude>
    <ClInclude Include="Cooker.h">
      <Filter>Contents\Object\StaticMesh</Filter>
    </ClInclude>
    <ClInclude Include="GamePlayBowl.h">
      <Filter>Contents\Template\Stuff\Moveable</Filter>
    </ClInclude>
    <ClInclude Include="PlateReturn.h">
      <Filter>Contents\Object\StaticMesh</Filter>
    </ClInclude>
    <ClInclude Include="ContentsUtility.h">
      <Filter>UI</Filter>
    </ClInclude>
    <ClInclude Include="Npc.h">
      <Filter>Contents\Object\MapObject</Filter>
    </ClInclude>
    <ClInclude Include="Car.h">
      <Filter>Contents\Object\MapObject</Filter>
    </ClInclude>
    <ClInclude Include="TrafficLight.h">
      <Filter>Contents\Object\MapObject</Filter>
    </ClInclude>
    <ClInclude Include="TitleLevel.h">
      <Filter>Level\Stage</Filter>
    </ClInclude>
    <ClInclude Include="TitleVan.h">
      <Filter>Contents\Object\MapObject</Filter>
    </ClInclude>
    <ClInclude Include="LoadingLevel.h">
      <Filter>Level</Filter>
    </ClInclude>
    <ClInclude Include="SelectStageUIActor.h">
      <Filter>UI</Filter>
    </ClInclude>
    <ClInclude Include="LoadingUIActor.h">
      <Filter>UI</Filter>
    </ClInclude>
    <ClInclude Include="GlobalGameData.h">
      <Filter>Global</Filter>
    </ClInclude>
    <ClInclude Include="Candle.h">
      <Filter>Contents\Object\MapObject</Filter>
    </ClInclude>
    <ClInclude Include="Bird_Flying.h">
      <Filter>Contents\Object\MapObject</Filter>
    </ClInclude>
    <ClInclude Include="LoadingData.h">
      <Filter>Data</Filter>
    </ClInclude>
    <ClInclude Include="InGameUIActor.h">
      <Filter>UI</Filter>
    </ClInclude>
    <ClInclude Include="FoodHeader.h">
      <Filter>Contents\Object\Food</Filter>
    </ClInclude>
    <ClInclude Include="FoodThumbnail.h">
      <Filter>UI</Filter>
    </ClInclude>
    <ClInclude Include="Lift.h">
      <Filter>Contents\Object\MapObject</Filter>
    </ClInclude>
    <ClInclude Include="WaterTest.h">
      <Filter>Global</Filter>
    </ClInclude>
    <ClInclude Include="GraphicGUI.h">
      <Filter>GUI</Filter>
    </ClInclude>
    <ClInclude Include="GraphicWindow.h">
      <Filter>GUI</Filter>
    </ClInclude>
    <ClInclude Include="Equipment_Bowl.h">
      <Filter>Contents\Object\Tool</Filter>
    </ClInclude>
    <ClInclude Include="Equipment_Steamer.h">
      <Filter>Contents\Object\Tool</Filter>
    </ClInclude>
    <ClInclude Include="Dispenser.h">
      <Filter>Contents\Object\StaticMesh</Filter>
    </ClInclude>
    <ClInclude Include="Portal.h">
      <Filter>Contents\Object\MapObject</Filter>
    </ClInclude>
    <ClInclude Include="TestPortal.h">
      <Filter>Contents\Object\Test</Filter>
    </ClInclude>
    <ClInclude Include="ServerTestLevel.h">
      <Filter>Level</Filter>
    </ClInclude>
    <ClInclude Include="GameEngineStatusWindow.h">
      <Filter>GUI</Filter>
    </ClInclude>
    <ClInclude Include="Stage_2_1.h">
      <Filter>Level\Stage</Filter>
    </ClInclude>
    <ClInclude Include="Tool_Mixer.h">
      <Filter>Contents\Object\Tool</Filter>
    </ClInclude>
    <ClInclude Include="GamePlayPhysics.h">
      <Filter>Contents\Physics</Filter>
    </ClInclude>
    <ClInclude Include="GamePacket.h">
      <Filter>Data</Filter>
    </ClInclude>
    <ClInclude Include="IcePlatform.h">
      <Filter>Contents\Object\MapObject</Filter>
    </ClInclude>
    <ClInclude Include="IceBlock.h">
      <Filter>Contents\Object\MapObject</Filter>
    </ClInclude>
    <ClInclude Include="Cannon.h">
      <Filter>Contents\Object\StaticMesh</Filter>
    </ClInclude>
    <ClInclude Include="Button.h">
      <Filter>Contents\Object\StaticMesh</Filter>
    </ClInclude>
    <ClInclude Include="Oven.h">
      <Filter>Contents\Object\StaticMesh</Filter>
    </ClInclude>
    <ClInclude Include="Food_Ingredients_Bread.h">
      <Filter>Contents\Object\Food</Filter>
    </ClInclude>
    <ClInclude Include="GameServerObject.h">
      <Filter>Global</Filter>
    </ClInclude>
    <ClInclude Include="ServerTestPlayer.h">
      <Filter>Global</Filter>
    </ClInclude>
  </ItemGroup>
  <ItemGroup>
    <ClCompile Include="MeshObject.cpp" />
    <ClCompile Include="CounterTop.cpp">
      <Filter>Contents\Object\StaticMesh</Filter>
    </ClCompile>
    <ClCompile Include="Stage_1_1.cpp">
      <Filter>Level\Stage</Filter>
    </ClCompile>
    <ClCompile Include="Stage_1_2.cpp">
      <Filter>Level\Stage</Filter>
    </ClCompile>
    <ClCompile Include="Stage_1_3.cpp">
      <Filter>Level\Stage</Filter>
    </ClCompile>
    <ClCompile Include="Stage_1_4.cpp">
      <Filter>Level\Stage</Filter>
    </ClCompile>
    <ClCompile Include="Player.cpp">
      <Filter>Contents\Player</Filter>
    </ClCompile>
    <ClCompile Include="PreCompile.cpp">
      <Filter>PreCompile</Filter>
    </ClCompile>
    <ClCompile Include="LevelActor.cpp">
      <Filter>Map</Filter>
    </ClCompile>
    <ClCompile Include="Rail.cpp">
      <Filter>Contents\Object\StaticMesh</Filter>
    </ClCompile>
    <ClCompile Include="FoodBox.cpp">
      <Filter>Contents\Object\StaticMesh</Filter>
    </ClCompile>
    <ClCompile Include="Sink.cpp">
      <Filter>Contents\Object\StaticMesh</Filter>
    </ClCompile>
    <ClCompile Include="TrashCan.cpp">
      <Filter>Contents\Object\StaticMesh</Filter>
    </ClCompile>
    <ClCompile Include="Food_Ingredients_Fish.cpp">
      <Filter>Contents\Object\Food</Filter>
    </ClCompile>
    <ClCompile Include="Tool_CuttingBoard.cpp">
      <Filter>Contents\Object\Tool</Filter>
    </ClCompile>
    <ClCompile Include="MouseInputWindow.cpp">
      <Filter>GUI</Filter>
    </ClCompile>
    <ClCompile Include="MeshSelectWindow.cpp">
      <Filter>GUI</Filter>
    </ClCompile>
    <ClCompile Include="MapEditorWindow.cpp">
      <Filter>GUI</Filter>
    </ClCompile>
    <ClCompile Include="MeshEditorGUI.cpp">
      <Filter>GUI</Filter>
    </ClCompile>
    <ClCompile Include="SelectStageLevel.cpp">
      <Filter>Level</Filter>
    </ClCompile>
    <ClCompile Include="Overcooked.cpp">
      <Filter>Core</Filter>
    </ClCompile>
    <ClCompile Include="MeshToolLevel.cpp">
      <Filter>Level</Filter>
    </ClCompile>
    <ClCompile Include="GamePlayLevel.cpp">
      <Filter>Level\Stage</Filter>
    </ClCompile>
    <ClCompile Include="GlobalMouseInput.cpp">
      <Filter>Global</Filter>
    </ClCompile>
    <ClCompile Include="GamePlayMapObject.cpp">
      <Filter>Map</Filter>
    </ClCompile>
    <ClCompile Include="GamePlayMoveable.cpp">
      <Filter>Contents\Template\Stuff\Moveable</Filter>
    </ClCompile>
    <ClCompile Include="GamePlayEquipment.cpp">
      <Filter>Contents\Template\Stuff\Moveable</Filter>
    </ClCompile>
    <ClCompile Include="GamePlayFood.cpp">
      <Filter>Contents\Template\Stuff\Moveable</Filter>
    </ClCompile>
    <ClCompile Include="GamePlayTool.cpp">
      <Filter>Contents\Template\Stuff\Tool</Filter>
    </ClCompile>
    <ClCompile Include="GamePlayStaticObject.cpp">
      <Filter>Contents\Template</Filter>
    </ClCompile>
    <ClCompile Include="MapToolLevel.cpp">
      <Filter>Level</Filter>
    </ClCompile>
    <ClCompile Include="GamePlayObject.cpp">
      <Filter>Contents\Template</Filter>
    </ClCompile>
    <ClCompile Include="GamePlayStuff.cpp">
      <Filter>Contents\Template\Stuff</Filter>
    </ClCompile>
    <ClCompile Include="Food_Ingredients_Prawn.cpp">
      <Filter>Contents\Object\Food</Filter>
    </ClCompile>
    <ClCompile Include="OverCookedUIRenderer.cpp">
      <Filter>UI</Filter>
    </ClCompile>
    <ClCompile Include="UIActor.cpp">
      <Filter>UI</Filter>
    </ClCompile>
    <ClCompile Include="UIDebugGUI.cpp">
      <Filter>GUI</Filter>
    </ClCompile>
    <ClCompile Include="Servicehatch.cpp">
      <Filter>Contents\Object\StaticMesh</Filter>
    </ClCompile>
    <ClCompile Include="MapEditorGUI.cpp">
      <Filter>GUI</Filter>
    </ClCompile>
    <ClCompile Include="MapDataParser.cpp">
      <Filter>Map</Filter>
    </ClCompile>
    <ClCompile Include="GamePlayOriginObject.cpp">
      <Filter>Map</Filter>
    </ClCompile>
    <ClCompile Include="GamePlayFloor.cpp">
      <Filter>Map</Filter>
    </ClCompile>
    <ClCompile Include="PlayerState.cpp">
      <Filter>Contents\Player</Filter>
    </ClCompile>
    <ClCompile Include="Equipment_Plate.cpp">
      <Filter>Contents\Object\Tool</Filter>
    </ClCompile>
    <ClCompile Include="Equipment_Pot.cpp">
      <Filter>Contents\Object\Tool</Filter>
    </ClCompile>
    <ClCompile Include="Equipment_FireExtinguisher.cpp">
      <Filter>Contents\Object\Tool</Filter>
    </ClCompile>
    <ClCompile Include="Equipment_FryingPan.cpp">
      <Filter>Contents\Object\Tool</Filter>
    </ClCompile>
    <ClCompile Include="Cooker.cpp">
      <Filter>Contents\Object\StaticMesh</Filter>
    </ClCompile>
    <ClCompile Include="GamePlayBowl.cpp">
      <Filter>Contents\Template\Stuff\Moveable</Filter>
    </ClCompile>
    <ClCompile Include="ContentsUtility.cpp">
      <Filter>UI</Filter>
    </ClCompile>
    <ClCompile Include="PlateReturn.cpp">
      <Filter>Contents\Object\StaticMesh</Filter>
    </ClCompile>
    <ClCompile Include="Npc.cpp">
      <Filter>Contents\Object\MapObject</Filter>
    </ClCompile>
    <ClCompile Include="Car.cpp">
      <Filter>Contents\Object\MapObject</Filter>
    </ClCompile>
    <ClCompile Include="TrafficLight.cpp">
      <Filter>Contents\Object\MapObject</Filter>
    </ClCompile>
    <ClCompile Include="TitleLevel.cpp">
      <Filter>Level\Stage</Filter>
    </ClCompile>
    <ClCompile Include="TitleVan.cpp">
      <Filter>Contents\Object\MapObject</Filter>
    </ClCompile>
    <ClCompile Include="LoadingLevel.cpp">
      <Filter>Level</Filter>
    </ClCompile>
    <ClCompile Include="SelectStageUIActor.cpp">
      <Filter>UI</Filter>
    </ClCompile>
    <ClCompile Include="LoadingUIActor.cpp">
      <Filter>UI</Filter>
    </ClCompile>
    <ClCompile Include="GlobalGameData.cpp">
      <Filter>Global</Filter>
    </ClCompile>
    <ClCompile Include="Candle.cpp">
      <Filter>Contents\Object\MapObject</Filter>
    </ClCompile>
    <ClCompile Include="Bird_Flying.cpp">
      <Filter>Contents\Object\MapObject</Filter>
    </ClCompile>
    <ClCompile Include="LoadingData.cpp">
      <Filter>Data</Filter>
    </ClCompile>
    <ClCompile Include="InGameUIActor.cpp">
      <Filter>UI</Filter>
    </ClCompile>
    <ClCompile Include="FoodThumbnail.cpp">
      <Filter>UI</Filter>
    </ClCompile>
    <ClCompile Include="Lift.cpp">
      <Filter>Contents\Object\MapObject</Filter>
    </ClCompile>
    <ClCompile Include="WaterTest.cpp">
      <Filter>Global</Filter>
    </ClCompile>
    <ClCompile Include="GraphicGUI.cpp">
      <Filter>GUI</Filter>
    </ClCompile>
    <ClCompile Include="GraphicWindow.cpp">
      <Filter>GUI</Filter>
    </ClCompile>
    <ClCompile Include="Equipment_Bowl.cpp">
      <Filter>Contents\Object\Tool</Filter>
    </ClCompile>
    <ClCompile Include="Equipment_Steamer.cpp">
      <Filter>Contents\Object\Tool</Filter>
    </ClCompile>
    <ClCompile Include="Dispenser.cpp">
      <Filter>Contents\Object\StaticMesh</Filter>
    </ClCompile>
    <ClCompile Include="Portal.cpp">
      <Filter>Contents\Object\MapObject</Filter>
    </ClCompile>
    <ClCompile Include="TestPortal.cpp">
      <Filter>Contents\Object\Test</Filter>
    </ClCompile>
    <ClCompile Include="ServerTestLevel.cpp">
      <Filter>Level</Filter>
    </ClCompile>
    <ClCompile Include="GameEngineStatusWindow.cpp">
      <Filter>GUI</Filter>
    </ClCompile>
    <ClCompile Include="Stage_2_1.cpp">
      <Filter>Level\Stage</Filter>
    </ClCompile>
    <ClCompile Include="Recipe.cpp">
      <Filter>UI</Filter>
    </ClCompile>
    <ClCompile Include="Tool_Mixer.cpp">
      <Filter>Contents\Object\Tool</Filter>
    </ClCompile>
    <ClCompile Include="GamePlayPhysics.cpp">
      <Filter>Contents\Physics</Filter>
    </ClCompile>
    <ClCompile Include="GamePacket.cpp">
      <Filter>Data</Filter>
    </ClCompile>
    <ClCompile Include="Food_Ingredients_Bread.cpp">
      <Filter>Contents\Object\Food</Filter>
    </ClCompile>
    <ClCompile Include="GameServerObject.cpp">
      <Filter>Global</Filter>
    </ClCompile>
    <ClCompile Include="ServerTestPlayer.cpp">
      <Filter>Global</Filter>
    </ClCompile>
    <ClCompile Include="IcePlatform.cpp">
      <Filter>Contents\Object\MapObject</Filter>
    </ClCompile>
    <ClCompile Include="IceBlock.cpp">
      <Filter>Contents\Object\MapObject</Filter>
    </ClCompile>
    <ClCompile Include="Cannon.cpp">
      <Filter>Contents\Object\StaticMesh</Filter>
    </ClCompile>
    <ClCompile Include="Button.cpp">
      <Filter>Contents\Object\StaticMesh</Filter>
    </ClCompile>
    <ClCompile Include="Oven.cpp">
      <Filter>Contents\Object\StaticMesh</Filter>
    </ClCompile>
  </ItemGroup>
  <ItemGroup>
    <Filter Include="Contents">
      <UniqueIdentifier>{ff62c031-f749-42c0-a714-98139a528c36}</UniqueIdentifier>
    </Filter>
    <Filter Include="Core">
      <UniqueIdentifier>{9133f281-fdb9-4243-b886-f94297a54570}</UniqueIdentifier>
    </Filter>
    <Filter Include="Data">
      <UniqueIdentifier>{ab592572-fea5-4c8e-bd29-03b10d2603f9}</UniqueIdentifier>
    </Filter>
    <Filter Include="Global">
      <UniqueIdentifier>{1cb91af0-1025-4b1b-a129-906c1bf2333d}</UniqueIdentifier>
    </Filter>
    <Filter Include="GUI">
      <UniqueIdentifier>{6d2acf03-b8e1-4603-9d0d-b9d9abacdded}</UniqueIdentifier>
    </Filter>
    <Filter Include="Level">
      <UniqueIdentifier>{c78f4be1-164e-4a76-a00f-a3ce97bad368}</UniqueIdentifier>
    </Filter>
    <Filter Include="Map">
      <UniqueIdentifier>{074312e2-da08-4bee-a049-9d9955f93f00}</UniqueIdentifier>
    </Filter>
    <Filter Include="PreCompile">
      <UniqueIdentifier>{635134a0-7011-41ee-afaa-f17fbdbda820}</UniqueIdentifier>
    </Filter>
    <Filter Include="Contents\Object">
      <UniqueIdentifier>{f10c03fd-2647-412f-b733-0b03affac6f9}</UniqueIdentifier>
    </Filter>
    <Filter Include="Contents\Template">
      <UniqueIdentifier>{e2f01b16-d284-48f5-8c76-6e3278726cb0}</UniqueIdentifier>
    </Filter>
    <Filter Include="Contents\Object\Food">
      <UniqueIdentifier>{834bbf43-e972-4aad-a638-b1a81be53328}</UniqueIdentifier>
    </Filter>
    <Filter Include="Contents\Object\StaticMesh">
      <UniqueIdentifier>{56bb3fad-90af-4e4e-b50d-032fc9459106}</UniqueIdentifier>
    </Filter>
    <Filter Include="Contents\Object\Tool">
      <UniqueIdentifier>{49727864-ec15-4a21-bde5-0d09d170f79d}</UniqueIdentifier>
    </Filter>
    <Filter Include="Contents\Template\Stuff">
      <UniqueIdentifier>{1d2432fe-d488-404e-8383-4ec5be63a85b}</UniqueIdentifier>
    </Filter>
    <Filter Include="Contents\Template\Stuff\Moveable">
      <UniqueIdentifier>{e96e2fc7-d0ee-47b1-afd5-a21bd3380bcb}</UniqueIdentifier>
    </Filter>
    <Filter Include="Contents\Template\Stuff\Tool">
      <UniqueIdentifier>{3c1752fb-2cba-4605-b834-1ad7c8b5de3e}</UniqueIdentifier>
    </Filter>
    <Filter Include="Level\Stage">
      <UniqueIdentifier>{343bb1cb-71af-4dce-8651-067f7a089ae3}</UniqueIdentifier>
    </Filter>
    <Filter Include="UI">
      <UniqueIdentifier>{8c75c45f-d5a3-4086-b25c-3a7d4f5a126d}</UniqueIdentifier>
    </Filter>
    <Filter Include="Contents\Object\MapObject">
      <UniqueIdentifier>{3a14b751-f284-40a0-b66e-6a73a0273fd8}</UniqueIdentifier>
    </Filter>
    <Filter Include="Contents\Object\Test">
      <UniqueIdentifier>{c69c7bd6-feaa-49b4-a6bd-6e656c1c2658}</UniqueIdentifier>
    </Filter>
    <Filter Include="Contents\Player">
      <UniqueIdentifier>{3019c14b-a86b-4306-bebc-5fc49b67ef60}</UniqueIdentifier>
    </Filter>
    <Filter Include="Contents\Physics">
      <UniqueIdentifier>{59141447-38d7-453b-bba0-eba1e810ea63}</UniqueIdentifier>
    </Filter>
  </ItemGroup>
  <ItemGroup>
    <FxCompile Include="..\ContentsResources\ContentsShader\UI.hlsl">
      <Filter>UI</Filter>
    </FxCompile>
  </ItemGroup>
</Project>